{
  "name": "primos",
  "lockfileVersion": 3,
  "requires": true,
  "packages": {
    "": {
      "dependencies": {
        "decimal.js": "^10.4.3",
        "is-prime-number": "^2.1.0"
      }
    },
    "node_modules/decimal.js": {
      "version": "10.4.3",
      "resolved": "https://registry.npmjs.org/decimal.js/-/decimal.js-10.4.3.tgz",
      "integrity": "sha512-VBBaLc1MgL5XpzgIP7ny5Z6Nx3UrRkIViUkPUdtl9aya5amy3De1gsUUSB1g3+3sExYNjCAsAznmukyxCb1GRA=="
    },
    "node_modules/is-prime-number": {
      "version": "2.1.0",
      "resolved": "https://registry.npmjs.org/is-prime-number/-/is-prime-number-2.1.0.tgz",
      "integrity": "sha512-002ehQn8QN14iXK2bOoHkQXfhOCRHmbwhs/a7rzxD75Tb/EhWvcxGmNKj+jNf1MyVYgmY0EQ7GurQzbwk3vADQ=="
    }
  }
}
